
Microsoft Visual Studio Solution File, Format Version 12.00
# Visual Studio Version 17
VisualStudioVersion = 17.6.33829.357
MinimumVisualStudioVersion = 10.0.40219.1
Project("{FAE04EC0-301F-11D3-BF4B-00C04F79EFBC}") = "WebServer", "WebServer\WebServer.csproj", "{1811B76A-2246-4721-AE03-960A410B79CA}"
EndProject
Global
	GlobalSection(SolutionConfigurationPlatforms) = preSolution
		Debug|Any CPU = Debug|Any CPU
		Release|Any CPU = Release|Any CPU
	EndGlobalSection
	GlobalSection(ProjectConfigurationPlatforms) = postSolution
		{1811B76A-2246-4721-AE03-960A410B79CA}.Debug|Any CPU.ActiveCfg = Debug|Any CPU
		{1811B76A-2246-4721-AE03-960A410B79CA}.Debug|Any CPU.Build.0 = Debug|Any CPU
		{1811B76A-2246-4721-AE03-960A410B79CA}.Release|Any CPU.ActiveCfg = Release|Any CPU
		{1811B76A-2246-4721-AE03-960A410B79CA}.Release|Any CPU.Build.0 = Release|Any CPU
	EndGlobalSection
	GlobalSection(SolutionProperties) = preSolution
		HideSolutionNode = FALSE
	EndGlobalSection
	GlobalSection(ExtensibilityGlobals) = postSolution
		SolutionGuid = {6960519D-3B2D-4802-AC44-B8F6140F2996}
	EndGlobalSection
EndGlobal
